
Microsoft Visual Studio Solution File, Format Version 12.00
# Visual Studio Version 17
VisualStudioVersion = 17.9.34607.119
MinimumVisualStudioVersion = 10.0.40219.1
Project("{FAE04EC0-301F-11D3-BF4B-00C04F79EFBC}") = "PonderadaM9S3", "PonderadaM9S3.csproj", "{B6DF621C-7DF3-4703-B82E-435C289DD0CF}"
EndProject
Global
	GlobalSection(SolutionConfigurationPlatforms) = preSolution
		Debug|Any CPU = Debug|Any CPU
		Release|Any CPU = Release|Any CPU
	EndGlobalSection
	GlobalSection(ProjectConfigurationPlatforms) = postSolution
		{B6DF621C-7DF3-4703-B82E-435C289DD0CF}.Debug|Any CPU.ActiveCfg = Debug|Any CPU
		{B6DF621C-7DF3-4703-B82E-435C289DD0CF}.Debug|Any CPU.Build.0 = Debug|Any CPU
		{B6DF621C-7DF3-4703-B82E-435C289DD0CF}.Release|Any CPU.ActiveCfg = Release|Any CPU
		{B6DF621C-7DF3-4703-B82E-435C289DD0CF}.Release|Any CPU.Build.0 = Release|Any CPU
	EndGlobalSection
	GlobalSection(SolutionProperties) = preSolution
		HideSolutionNode = FALSE
	EndGlobalSection
	GlobalSection(ExtensibilityGlobals) = postSolution
		SolutionGuid = {55860BA7-C899-4F7E-853C-D52B26425032}
	EndGlobalSection
EndGlobal
